// !$*UTF8*$!
{
	archiveVersion = 1;
	classes = {
	};
	objectVersion = 50;
	objects = {

/* Begin PBXBuildFile section */
		56794EAC228561C100AF824B /* AppDelegate.m in Sources */ = {isa = PBXBuildFile; fileRef = 56794EAB228561C100AF824B /* AppDelegate.m */; };
		56794EAF228561C100AF824B /* ViewController.m in Sources */ = {isa = PBXBuildFile; fileRef = 56794EAE228561C100AF824B /* ViewController.m */; };
		56794EB2228561C100AF824B /* Main.storyboard in Resources */ = {isa = PBXBuildFile; fileRef = 56794EB0228561C100AF824B /* Main.storyboard */; };
		56794EB4228561C200AF824B /* Assets.xcassets in Resources */ = {isa = PBXBuildFile; fileRef = 56794EB3228561C200AF824B /* Assets.xcassets */; };
		56794EB7228561C200AF824B /* LaunchScreen.storyboard in Resources */ = {isa = PBXBuildFile; fileRef = 56794EB5228561C200AF824B /* LaunchScreen.storyboard */; };
		56794EBA228561C200AF824B /* main.m in Sources */ = {isa = PBXBuildFile; fileRef = 56794EB9228561C200AF824B /* main.m */; };
/* End PBXBuildFile section */

/* Begin PBXFileReference section */
		56794EA7228561C100AF824B /* testOclint.app */ = {isa = PBXFileReference; explicitFileType = wrapper.application; includeInIndex = 0; path = testOclint.app; sourceTree = BUILT_PRODUCTS_DIR; };
		56794EAA228561C100AF824B /* AppDelegate.h */ = {isa = PBXFileReference; lastKnownFileType = sourcecode.c.h; path = AppDelegate.h; sourceTree = "<group>"; };
		56794EAB228561C100AF824B /* AppDelegate.m */ = {isa = PBXFileReference; lastKnownFileType = sourcecode.c.objc; path = AppDelegate.m; sourceTree = "<group>"; };
		56794EAD228561C100AF824B /* ViewController.h */ = {isa = PBXFileReference; lastKnownFileType = sourcecode.c.h; path = ViewController.h; sourceTree = "<group>"; };
		56794EAE228561C100AF824B /* ViewController.m */ = {isa = PBXFileReference; lastKnownFileType = sourcecode.c.objc; path = ViewController.m; sourceTree = "<group>"; };
		56794EB1228561C100AF824B /* Base */ = {isa = PBXFileReference; lastKnownFileType = file.storyboard; name = Base; path = Base.lproj/Main.storyboard; sourceTree = "<group>"; };
		56794EB3228561C200AF824B /* Assets.xcassets */ = {isa = PBXFileReference; lastKnownFileType = folder.assetcatalog; path = Assets.xcassets; sourceTree = "<group>"; };
		56794EB6228561C200AF824B /* Base */ = {isa = PBXFileReference; lastKnownFileType = file.storyboard; name = Base; path = Base.lproj/LaunchScreen.storyboard; sourceTree = "<group>"; };
		56794EB8228561C200AF824B /* Info.plist */ = {isa = PBXFileReference; lastKnownFileType = text.plist.xml; path = Info.plist; sourceTree = "<group>"; };
		56794EB9228561C200AF824B /* main.m */ = {isa = PBXFileReference; lastKnownFileType = sourcecode.c.objc; path = main.m; sourceTree = "<group>"; };
/* End PBXFileReference section */

/* Begin PBXFrameworksBuildPhase section */
		56794EA4228561C100AF824B /* Frameworks */ = {
			isa = PBXFrameworksBuildPhase;
			buildActionMask = 2147483647;
			files = (
			);
			runOnlyForDeploymentPostprocessing = 0;
		};
/* End PBXFrameworksBuildPhase section */

/* Begin PBXGroup section */
		56794E9E228561C100AF824B = {
			isa = PBXGroup;
			children = (
				56794EA9228561C100AF824B /* testOclint */,
				56794EA8228561C100AF824B /* Products */,
			);
			sourceTree = "<group>";
		};
		56794EA8228561C100AF824B /* Products */ = {
			isa = PBXGroup;
			children = (
				56794EA7228561C100AF824B /* testOclint.app */,
			);
			name = Products;
			sourceTree = "<group>";
		};
		56794EA9228561C100AF824B /* testOclint */ = {
			isa = PBXGroup;
			children = (
				56794EAA228561C100AF824B /* AppDelegate.h */,
				56794EAB228561C100AF824B /* AppDelegate.m */,
				56794EAD228561C100AF824B /* ViewController.h */,
				56794EAE228561C100AF824B /* ViewController.m */,
				56794EB0228561C100AF824B /* Main.storyboard */,
				56794EB3228561C200AF824B /* Assets.xcassets */,
				56794EB5228561C200AF824B /* LaunchScreen.storyboard */,
				56794EB8228561C200AF824B /* Info.plist */,
				56794EB9228561C200AF824B /* main.m */,
			);
			path = testOclint;
			sourceTree = "<group>";
		};
/* End PBXGroup section */

/* Begin PBXNativeTarget section */
		56794EA6228561C100AF824B /* testOclint */ = {
			isa = PBXNativeTarget;
			buildConfigurationList = 56794EBD228561C200AF824B /* Build configuration list for PBXNativeTarget "testOclint" */;
			buildPhases = (
				56794EA3228561C100AF824B /* Sources */,
				56794EA4228561C100AF824B /* Frameworks */,
				56794EA5228561C100AF824B /* Resources */,
			);
			buildRules = (
			);
			dependencies = (
			);
			name = testOclint;
			productName = testOclint;
			productReference = 56794EA7228561C100AF824B /* testOclint.app */;
			productType = "com.apple.product-type.application";
		};
/* End PBXNativeTarget section */

/* Begin PBXProject section */
		56794E9F228561C100AF824B /* Project object */ = {
			isa = PBXProject;
			attributes = {
				LastUpgradeCheck = 1010;
				ORGANIZATIONNAME = helloworld;
				TargetAttributes = {
					56794EA6228561C100AF824B = {
						CreatedOnToolsVersion = 10.1;
					};
				};
			};
			buildConfigurationList = 56794EA2228561C100AF824B /* Build configuration list for PBXProject "testOclint" */;
			compatibilityVersion = "Xcode 9.3";
			developmentRegion = en;
			hasScannedForEncodings = 0;
			knownRegions = (
				en,
				Base,
			);
			mainGroup = 56794E9E228561C100AF824B;
			productRefGroup = 56794EA8228561C100AF824B /* Products */;
			projectDirPath = "";
			projectRoot = "";
			targets = (
				56794EA6228561C100AF824B /* testOclint */,
			);
		};
/* End PBXProject section */

/* Begin PBXResourcesBuildPhase section */
		56794EA5228561C100AF824B /* Resources */ = {
			isa = PBXResourcesBuildPhase;
			buildActionMask = 2147483647;
			files = (
				56794EB7228561C200AF824B /* LaunchScreen.storyboard in Resources */,
				56794EB4228561C200AF824B /* Assets.xcassets in Resources */,
				56794EB2228561C100AF824B /* Main.storyboard in Resources */,
			);
			runOnlyForDeploymentPostprocessing = 0;
		};
/* End PBXResourcesBuildPhase section */

/* Begin PBXSourcesBuildPhase section */
		56794EA3228561C100AF824B /* Sources */ = {
			isa = PBXSourcesBuildPhase;
			buildActionMask = 2147483647;
			files = (
				56794EAF228561C100AF824B /* ViewController.m in Sources */,
				56794EBA228561C200AF824B /* main.m in Sources */,
				56794EAC228561C100AF824B /* AppDelegate.m in Sources */,
			);
			runOnlyForDeploymentPostprocessing = 0;
		};
/* End PBXSourcesBuildPhase section */

/* Begin PBXVariantGroup section */
		56794EB0228561C100AF824B /* Main.storyboard */ = {
			isa = PBXVariantGroup;
			children = (
				56794EB1228561C100AF824B /* Base */,
			);
			name = Main.storyboard;
			sourceTree = "<group>";
		};
		56794EB5228561C200AF824B /* LaunchScreen.storyboard */ = {
			isa = PBXVariantGroup;
			children = (
				56794EB6228561C200AF824B /* Base */,
			);
			name = LaunchScreen.storyboard;
			sourceTree = "<group>";
		};
/* End PBXVariantGroup section */

/* Begin XCBuildConfiguration section */
		56794EBB228561C200AF824B /* Debug */ = {
			isa = XCBuildConfiguration;
			buildSettings = {
				ALWAYS_SEARCH_USER_PATHS = NO;
				CLANG_ANALYZER_NONNULL = YES;
				CLANG_ANALYZER_NUMBER_OBJECT_CONVERSION = YES_AGGRESSIVE;
				CLANG_CXX_LANGUAGE_STANDARD = "gnu++14";
				CLANG_CXX_LIBRARY = "libc++";
				CLANG_ENABLE_MODULES = YES;
				CLANG_ENABLE_OBJC_ARC = YES;
				CLANG_ENABLE_OBJC_WEAK = YES;
				CLANG_WARN_BLOCK_CAPTURE_AUTORELEASING = YES;
				CLANG_WARN_BOOL_CONVERSION = YES;
				CLANG_WARN_COMMA = YES;
				CLANG_WARN_CONSTANT_CONVERSION = YES;
				CLANG_WARN_DEPRECATED_OBJC_IMPLEMENTATIONS = YES;
				CLANG_WARN_DIRECT_OBJC_ISA_USAGE = YES_ERROR;
				CLANG_WARN_DOCUMENTATION_COMMENTS = YES;
				CLANG_WARN_EMPTY_BODY = YES;
				CLANG_WARN_ENUM_CONVERSION = YES;
				CLANG_WARN_INFINITE_RECURSION = YES;
				CLANG_WARN_INT_CONVERSION = YES;
				CLANG_WARN_NON_LITERAL_NULL_CONVERSION = YES;
				CLANG_WARN_OBJC_IMPLICIT_RETAIN_SELF = YES;
				CLANG_WARN_OBJC_LITERAL_CONVERSION = YES;
				CLANG_WARN_OBJC_ROOT_CLASS = YES_ERROR;
				CLANG_WARN_RANGE_LOOP_ANALYSIS = YES;
				CLANG_WARN_STRICT_PROTOTYPES = YES;
				CLANG_WARN_SUSPICIOUS_MOVE = YES;
				CLANG_WARN_UNGUARDED_AVAILABILITY = YES_AGGRESSIVE;
				CLANG_WARN_UNREACHABLE_CODE = YES;
				CLANG_WARN__DUPLICATE_METHOD_MATCH = YES;
				CODE_SIGN_IDENTITY = "iPhone Developer";
				COPY_PHASE_STRIP = NO;
				DEBUG_INFORMATION_FORMAT = dwarf;
				ENABLE_STRICT_OBJC_MSGSEND = YES;
				ENABLE_TESTABILITY = YES;
				GCC_C_LANGUAGE_STANDARD = gnu11;
				GCC_DYNAMIC_NO_PIC = NO;
				GCC_NO_COMMON_BLOCKS = YES;
				GCC_OPTIMIZATION_LEVEL = 0;
				GCC_PREPROCESSOR_DEFINITIONS = (
					"DEBUG=1",
					"$(inherited)",
				);
				GCC_WARN_64_TO_32_BIT_CONVERSION = YES;
				GCC_WARN_ABOUT_RETURN_TYPE = YES_ERROR;
				GCC_WARN_UNDECLARED_SELECTOR = YES;
				GCC_WARN_UNINITIALIZED_AUTOS = YES_AGGRESSIVE;
				GCC_WARN_UNUSED_FUNCTION = YES;
				GCC_WARN_UNUSED_VARIABLE = YES;
				IPHONEOS_DEPLOYMENT_TARGET = 12.1;
				MTL_ENABLE_DEBUG_INFO = INCLUDE_SOURCE;
				MTL_FAST_MATH = YES;
				ONLY_ACTIVE_ARCH = YES;
				SDKROOT = iphoneos;
			};
			name = Debug;
		};
		56794EBC228561C200AF824B /* Release */ = {
			isa = XCBuildConfiguration;
			buildSettings = {
				ALWAYS_SEARCH_USER_PATHS = NO;
				CLANG_ANALYZER_NONNULL = YES;
				CLANG_ANALYZER_NUMBER_OBJECT_CONVERSION = YES_AGGRESSIVE;
				CLANG_CXX_LANGUAGE_STANDARD = "gnu++14";
				CLANG_CXX_LIBRARY = "libc++";
				CLANG_ENABLE_MODULES = YES;
				CLANG_ENABLE_OBJC_ARC = YES;
				CLANG_ENABLE_OBJC_WEAK = YES;
				CLANG_WARN_BLOCK_CAPTURE_AUTORELEASING = YES;
				CLANG_WARN_BOOL_CONVERSION = YES;
				CLANG_WARN_COMMA = YES;
				CLANG_WARN_CONSTANT_CONVERSION = YES;
				CLANG_WARN_DEPRECATED_OBJC_IMPLEMENTATIONS = YES;
				CLANG_WARN_DIRECT_OBJC_ISA_USAGE = YES_ERROR;
				CLANG_WARN_DOCUMENTATION_COMMENTS = YES;
				CLANG_WARN_EMPTY_BODY = YES;
				CLANG_WARN_ENUM_CONVERSION = YES;
				CLANG_WARN_INFINITE_RECURSION = YES;
				CLANG_WARN_INT_CONVERSION = YES;
				CLANG_WARN_NON_LITERAL_NULL_CONVERSION = YES;
				CLANG_WARN_OBJC_IMPLICIT_RETAIN_SELF = YES;
				CLANG_WARN_OBJC_LITERAL_CONVERSION = YES;
				CLANG_WARN_OBJC_ROOT_CLASS = YES_ERROR;
				CLANG_WARN_RANGE_LOOP_ANALYSIS = YES;
				CLANG_WARN_STRICT_PROTOTYPES = YES;
				CLANG_WARN_SUSPICIOUS_MOVE = YES;
				CLANG_WARN_UNGUARDED_AVAILABILITY = YES_AGGRESSIVE;
				CLANG_WARN_UNREACHABLE_CODE = YES;
				CLANG_WARN__DUPLICATE_METHOD_MATCH = YES;
				CODE_SIGN_IDENTITY = "iPhone Developer";
				COPY_PHASE_STRIP = NO;
				DEBUG_INFORMATION_FORMAT = "dwarf-with-dsym";
				ENABLE_NS_ASSERTIONS = NO;
				ENABLE_STRICT_OBJC_MSGSEND = YES;
				GCC_C_LANGUAGE_STANDARD = gnu11;
				GCC_NO_COMMON_BLOCKS = YES;
				GCC_WARN_64_TO_32_BIT_CONVERSION = YES;
				GCC_WARN_ABOUT_RETURN_TYPE = YES_ERROR;
				GCC_WARN_UNDECLARED_SELECTOR = YES;
				GCC_WARN_UNINITIALIZED_AUTOS = YES_AGGRESSIVE;
				GCC_WARN_UNUSED_FUNCTION = YES;
				GCC_WARN_UNUSED_VARIABLE = YES;
				IPHONEOS_DEPLOYMENT_TARGET = 12.1;
				MTL_ENABLE_DEBUG_INFO = NO;
				MTL_FAST_MATH = YES;
				SDKROOT = iphoneos;
				VALIDATE_PRODUCT = YES;
			};
			name = Release;
		};
		56794EBE228561C200AF824B /* Debug */ = {
			isa = XCBuildConfiguration;
			buildSettings = {
				ASSETCATALOG_COMPILER_APPICON_NAME = AppIcon;
				CODE_SIGN_STYLE = Automatic;
				INFOPLIST_FILE = testOclint/Info.plist;
				LD_RUNPATH_SEARCH_PATHS = (
					"$(inherited)",
					"@executable_path/Frameworks",
				);
				PRODUCT_BUNDLE_IDENTIFIER = hello.testOclint;
				PRODUCT_NAME = "$(TARGET_NAME)";
				TARGETED_DEVICE_FAMILY = "1,2";
			};
			name = Debug;
		};
		56794EBF228561C200AF824B /* Release */ = {
			isa = XCBuildConfiguration;
			buildSettings = {
				ASSETCATALOG_COMPILER_APPICON_NAME = AppIcon;
				CODE_SIGN_STYLE = Automatic;
				INFOPLIST_FILE = testOclint/Info.plist;
				LD_RUNPATH_SEARCH_PATHS = (
					"$(inherited)",
					"@executable_path/Frameworks",
				);
				PRODUCT_BUNDLE_IDENTIFIER = hello.testOclint;
				PRODUCT_NAME = "$(TARGET_NAME)";
				TARGETED_DEVICE_FAMILY = "1,2";
			};
			name = Release;
		};
/* End XCBuildConfiguration section */

/* Begin XCConfigurationList section */
		56794EA2228561C100AF824B /* Build configuration list for PBXProject "testOclint" */ = {
			isa = XCConfigurationList;
			buildConfigurations = (
				56794EBB228561C200AF824B /* Debug */,
				56794EBC228561C200AF824B /* Release */,
			);
			defaultConfigurationIsVisible = 0;
			defaultConfigurationName = Release;
		};
		56794EBD228561C200AF824B /* Build configuration list for PBXNativeTarget "testOclint" */ = {
			isa = XCConfigurationList;
			buildConfigurations = (
				56794EBE228561C200AF824B /* Debug */,
				56794EBF228561C200AF824B /* Release */,
			);
			defaultConfigurationIsVisible = 0;
			defaultConfigurationName = Release;
		};
/* End XCConfigurationList section */
	};
	rootObject = 56794E9F228561C100AF824B /* Project object */;
}
